
Microsoft Visual Studio Solution File, Format Version 12.00
# Visual Studio Version 17
VisualStudioVersion = 17.0.31903.59
MinimumVisualStudioVersion = 10.0.40219.1
Project("{FAE04EC0-301F-11D3-BF4B-00C04F79EFBC}") = "SpectatorHideRoles", "SpectatorHideRoles\Exiled\SpectatorHideRoles.csproj", "{02954A80-8132-46BF-A728-F274A3D0889A}"
EndProject
Project("{FAE04EC0-301F-11D3-BF4B-00C04F79EFBC}") = "SpectatorHideRoles", "SpectatorHideRoles\LabAPI\SpectatorHideRoles.csproj", "{6F3D717A-5DDE-47E1-9DBD-9994400047DD}"
EndProject
Global
	GlobalSection(SolutionConfigurationPlatforms) = preSolution
		Debug|Any CPU = Debug|Any CPU
		Release|Any CPU = Release|Any CPU
	EndGlobalSection
	GlobalSection(SolutionProperties) = preSolution
		HideSolutionNode = FALSE
	EndGlobalSection
	GlobalSection(ProjectConfigurationPlatforms) = postSolution
		{02954A80-8132-46BF-A728-F274A3D0889A}.Debug|Any CPU.ActiveCfg = Debug|Any CPU
		{02954A80-8132-46BF-A728-F274A3D0889A}.Debug|Any CPU.Build.0 = Debug|Any CPU
		{02954A80-8132-46BF-A728-F274A3D0889A}.Release|Any CPU.ActiveCfg = Release|Any CPU
		{02954A80-8132-46BF-A728-F274A3D0889A}.Release|Any CPU.Build.0 = Release|Any CPU
		{6F3D717A-5DDE-47E1-9DBD-9994400047DD}.Debug|Any CPU.ActiveCfg = Debug|Any CPU
		{6F3D717A-5DDE-47E1-9DBD-9994400047DD}.Debug|Any CPU.Build.0 = Debug|Any CPU
		{6F3D717A-5DDE-47E1-9DBD-9994400047DD}.Release|Any CPU.ActiveCfg = Release|Any CPU
		{6F3D717A-5DDE-47E1-9DBD-9994400047DD}.Release|Any CPU.Build.0 = Release|Any CPU
	EndGlobalSection
EndGlobal
